{
  "version": 4,
  "terraform_version": "1.3.9",
  "serial": 24,
  "lineage": "23804810-c217-bb77-0623-851a27f20c68",
  "outputs": {},
  "resources": [
    {
      "mode": "data",
      "type": "aws_availability_zones",
      "name": "current",
      "provider": "provider[\"registry.terraform.io/hashicorp/aws\"]",
      "instances": [
        {
          "schema_version": 0,
          "attributes": {
            "all_availability_zones": null,
            "exclude_names": null,
            "exclude_zone_ids": null,
            "filter": null,
            "group_names": [
              "us-west-1"
            ],
            "id": "us-west-1",
            "names": [
              "us-west-1a",
              "us-west-1b"
            ],
            "state": "available",
            "timeouts": null,
            "zone_ids": [
              "usw1-az3",
              "usw1-az1"
            ]
          },
          "sensitive_attributes": []
        }
      ]
    },
    {
      "mode": "managed",
      "type": "aws_internet_gateway",
      "name": "igw",
      "provider": "provider[\"registry.terraform.io/hashicorp/aws\"]",
      "instances": [
        {
          "schema_version": 0,
          "attributes": {
            "arn": "arn:aws:ec2:us-west-1:005913962162:internet-gateway/igw-0ac070f9c5667a2e8",
            "id": "igw-0ac070f9c5667a2e8",
            "owner_id": "005913962162",
            "tags": {
              "CostCenter": "1234567890",
              "Department": "bridge",
              "ManagedBy": "Terraform",
              "Name": "igw-us-west-1-cxp-starfleet",
              "Organization": "starfleet",
              "Stage": "production",
              "TrainingSession": "2023-02-24",
              "solution": "cxp-starfleet"
            },
            "tags_all": {
              "CostCenter": "1234567890",
              "Department": "bridge",
              "ManagedBy": "Terraform",
              "Name": "igw-us-west-1-cxp-starfleet",
              "Organization": "starfleet",
              "Stage": "production",
              "TrainingSession": "2023-02-24",
              "solution": "cxp-starfleet"
            },
            "timeouts": null,
            "vpc_id": "vpc-0c540a08acaa347e8"
          },
          "sensitive_attributes": [],
          "private": "eyJlMmJmYjczMC1lY2FhLTExZTYtOGY4OC0zNDM2M2JjN2M0YzAiOnsiY3JlYXRlIjoxMjAwMDAwMDAwMDAwLCJkZWxldGUiOjEyMDAwMDAwMDAwMDAsInVwZGF0ZSI6MTIwMDAwMDAwMDAwMH19",
          "dependencies": [
            "aws_vpc.vpc"
          ]
        }
      ]
    },
    {
      "mode": "managed",
      "type": "aws_subnet",
      "name": "public_subnets",
      "provider": "provider[\"registry.terraform.io/hashicorp/aws\"]",
      "instances": [
        {
          "index_key": 0,
          "schema_version": 1,
          "attributes": {
            "arn": "arn:aws:ec2:us-west-1:005913962162:subnet/subnet-0ceb7d2e46c3d725a",
            "assign_ipv6_address_on_creation": false,
            "availability_zone": "us-west-1a",
            "availability_zone_id": "usw1-az3",
            "cidr_block": "10.47.0.0/24",
            "customer_owned_ipv4_pool": "",
            "enable_dns64": false,
            "enable_resource_name_dns_a_record_on_launch": false,
            "enable_resource_name_dns_aaaa_record_on_launch": false,
            "id": "subnet-0ceb7d2e46c3d725a",
            "ipv6_cidr_block": "",
            "ipv6_cidr_block_association_id": "",
            "ipv6_native": false,
            "map_customer_owned_ip_on_launch": false,
            "map_public_ip_on_launch": false,
            "outpost_arn": "",
            "owner_id": "005913962162",
            "private_dns_hostname_type_on_launch": "ip-name",
            "tags": {
              "CostCenter": "1234567890",
              "Department": "bridge",
              "ManagedBy": "Terraform",
              "Name": "sn-us-west-1a-cxp-starfleet-public-public",
              "Organization": "starfleet",
              "Stage": "production",
              "TrainingSession": "2023-02-24",
              "solution": "cxp-starfleet"
            },
            "tags_all": {
              "CostCenter": "1234567890",
              "Department": "bridge",
              "ManagedBy": "Terraform",
              "Name": "sn-us-west-1a-cxp-starfleet-public-public",
              "Organization": "starfleet",
              "Stage": "production",
              "TrainingSession": "2023-02-24",
              "solution": "cxp-starfleet"
            },
            "timeouts": null,
            "vpc_id": "vpc-0c540a08acaa347e8"
          },
          "sensitive_attributes": [],
          "private": "eyJlMmJmYjczMC1lY2FhLTExZTYtOGY4OC0zNDM2M2JjN2M0YzAiOnsiY3JlYXRlIjo2MDAwMDAwMDAwMDAsImRlbGV0ZSI6MTIwMDAwMDAwMDAwMH0sInNjaGVtYV92ZXJzaW9uIjoiMSJ9",
          "dependencies": [
            "aws_vpc.vpc",
            "data.aws_availability_zones.current"
          ]
        },
        {
          "index_key": 1,
          "schema_version": 1,
          "attributes": {
            "arn": "arn:aws:ec2:us-west-1:005913962162:subnet/subnet-047b595724587e8c4",
            "assign_ipv6_address_on_creation": false,
            "availability_zone": "us-west-1b",
            "availability_zone_id": "usw1-az1",
            "cidr_block": "10.47.1.0/24",
            "customer_owned_ipv4_pool": "",
            "enable_dns64": false,
            "enable_resource_name_dns_a_record_on_launch": false,
            "enable_resource_name_dns_aaaa_record_on_launch": false,
            "id": "subnet-047b595724587e8c4",
            "ipv6_cidr_block": "",
            "ipv6_cidr_block_association_id": "",
            "ipv6_native": false,
            "map_customer_owned_ip_on_launch": false,
            "map_public_ip_on_launch": false,
            "outpost_arn": "",
            "owner_id": "005913962162",
            "private_dns_hostname_type_on_launch": "ip-name",
            "tags": {
              "CostCenter": "1234567890",
              "Department": "bridge",
              "ManagedBy": "Terraform",
              "Name": "sn-us-west-1b-cxp-starfleet-public-public",
              "Organization": "starfleet",
              "Stage": "production",
              "TrainingSession": "2023-02-24",
              "solution": "cxp-starfleet"
            },
            "tags_all": {
              "CostCenter": "1234567890",
              "Department": "bridge",
              "ManagedBy": "Terraform",
              "Name": "sn-us-west-1b-cxp-starfleet-public-public",
              "Organization": "starfleet",
              "Stage": "production",
              "TrainingSession": "2023-02-24",
              "solution": "cxp-starfleet"
            },
            "timeouts": null,
            "vpc_id": "vpc-0c540a08acaa347e8"
          },
          "sensitive_attributes": [],
          "private": "eyJlMmJmYjczMC1lY2FhLTExZTYtOGY4OC0zNDM2M2JjN2M0YzAiOnsiY3JlYXRlIjo2MDAwMDAwMDAwMDAsImRlbGV0ZSI6MTIwMDAwMDAwMDAwMH0sInNjaGVtYV92ZXJzaW9uIjoiMSJ9",
          "dependencies": [
            "aws_vpc.vpc",
            "data.aws_availability_zones.current"
          ]
        }
      ]
    },
    {
      "mode": "managed",
      "type": "aws_vpc",
      "name": "vpc",
      "provider": "provider[\"registry.terraform.io/hashicorp/aws\"]",
      "instances": [
        {
          "schema_version": 1,
          "attributes": {
            "arn": "arn:aws:ec2:us-west-1:005913962162:vpc/vpc-0c540a08acaa347e8",
            "assign_generated_ipv6_cidr_block": false,
            "cidr_block": "10.47.0.0/16",
            "default_network_acl_id": "acl-0bfcc6d46f53a5c9f",
            "default_route_table_id": "rtb-0205a522f83c6f144",
            "default_security_group_id": "sg-048f4a93d631a9481",
            "dhcp_options_id": "dopt-416f7126",
            "enable_classiclink": false,
            "enable_classiclink_dns_support": false,
            "enable_dns_hostnames": true,
            "enable_dns_support": true,
            "enable_network_address_usage_metrics": false,
            "id": "vpc-0c540a08acaa347e8",
            "instance_tenancy": "default",
            "ipv4_ipam_pool_id": null,
            "ipv4_netmask_length": null,
            "ipv6_association_id": "",
            "ipv6_cidr_block": "",
            "ipv6_cidr_block_network_border_group": "",
            "ipv6_ipam_pool_id": "",
            "ipv6_netmask_length": 0,
            "main_route_table_id": "rtb-0205a522f83c6f144",
            "owner_id": "005913962162",
            "tags": {
              "CostCenter": "1234567890",
              "Department": "bridge",
              "ManagedBy": "Terraform",
              "Name": "vpc-us-west-1-cxp-starfleet-public",
              "Organization": "starfleet",
              "Stage": "production",
              "TrainingSession": "2023-02-24",
              "solution": "cxp-starfleet"
            },
            "tags_all": {
              "CostCenter": "1234567890",
              "Department": "bridge",
              "ManagedBy": "Terraform",
              "Name": "vpc-us-west-1-cxp-starfleet-public",
              "Organization": "starfleet",
              "Stage": "production",
              "TrainingSession": "2023-02-24",
              "solution": "cxp-starfleet"
            }
          },
          "sensitive_attributes": [],
          "private": "eyJzY2hlbWFfdmVyc2lvbiI6IjEifQ=="
        }
      ]
    },
    {
      "module": "module.ec2_instance",
      "mode": "managed",
      "type": "aws_instance",
      "name": "this",
      "provider": "provider[\"registry.terraform.io/hashicorp/aws\"]",
      "instances": [
        {
          "index_key": 0,
          "schema_version": 1,
          "attributes": {
            "ami": "ami-034f10b7ffb207ab9",
            "arn": "arn:aws:ec2:us-west-1:005913962162:instance/i-08fd46fb3c97648a0",
            "associate_public_ip_address": false,
            "availability_zone": "us-west-1a",
            "capacity_reservation_specification": [
              {
                "capacity_reservation_preference": "open",
                "capacity_reservation_target": []
              }
            ],
            "cpu_core_count": 1,
            "cpu_threads_per_core": 1,
            "credit_specification": [
              {
                "cpu_credits": "standard"
              }
            ],
            "disable_api_stop": false,
            "disable_api_termination": false,
            "ebs_block_device": [],
            "ebs_optimized": false,
            "enclave_options": [
              {
                "enabled": false
              }
            ],
            "ephemeral_block_device": [],
            "get_password_data": false,
            "hibernation": false,
            "host_id": "",
            "host_resource_group_arn": null,
            "iam_instance_profile": "",
            "id": "i-08fd46fb3c97648a0",
            "instance_initiated_shutdown_behavior": "stop",
            "instance_state": "running",
            "instance_type": "t2.micro",
            "ipv6_address_count": 0,
            "ipv6_addresses": [],
            "key_name": "CXP AWS EC2 KeyPair",
            "launch_template": [],
            "maintenance_options": [
              {
                "auto_recovery": "default"
              }
            ],
            "metadata_options": [
              {
                "http_endpoint": "enabled",
                "http_put_response_hop_limit": 1,
                "http_tokens": "optional",
                "instance_metadata_tags": "disabled"
              }
            ],
            "monitoring": true,
            "network_interface": [],
            "outpost_arn": "",
            "password_data": "",
            "placement_group": "",
            "placement_partition_number": 0,
            "primary_network_interface_id": "eni-0800922e296d9f88c",
            "private_dns": "ip-10-47-0-126.us-west-1.compute.internal",
            "private_dns_name_options": [
              {
                "enable_resource_name_dns_a_record": false,
                "enable_resource_name_dns_aaaa_record": false,
                "hostname_type": "ip-name"
              }
            ],
            "private_ip": "10.47.0.126",
            "public_dns": "",
            "public_ip": "",
            "root_block_device": [
              {
                "delete_on_termination": true,
                "device_name": "/dev/xvda",
                "encrypted": false,
                "iops": 100,
                "kms_key_id": "",
                "tags": {},
                "throughput": 0,
                "volume_id": "vol-076fee352bd809282",
                "volume_size": 8,
                "volume_type": "gp2"
              }
            ],
            "secondary_private_ips": [],
            "security_groups": [],
            "source_dest_check": true,
            "subnet_id": "subnet-0ceb7d2e46c3d725a",
            "tags": {
              "CostCenter": "1234567890",
              "Department": "bridge",
              "ManagedBy": "Terraform",
              "Name": "starbase-80",
              "Organization": "starfleet",
              "Stage": "production",
              "TrainingSession": "2023-02-24",
              "solution": "cxp-starfleet"
            },
            "tags_all": {
              "CostCenter": "1234567890",
              "Department": "bridge",
              "ManagedBy": "Terraform",
              "Name": "starbase-80",
              "Organization": "starfleet",
              "Stage": "production",
              "TrainingSession": "2023-02-24",
              "solution": "cxp-starfleet"
            },
            "tenancy": "default",
            "timeouts": {
              "create": null,
              "delete": null,
              "update": null
            },
            "user_data": null,
            "user_data_base64": null,
            "user_data_replace_on_change": false,
            "volume_tags": {
              "Name": "starbase-80"
            },
            "vpc_security_group_ids": [
              "sg-048f4a93d631a9481"
            ]
          },
          "sensitive_attributes": [],
          "private": "eyJlMmJmYjczMC1lY2FhLTExZTYtOGY4OC0zNDM2M2JjN2M0YzAiOnsiY3JlYXRlIjo2MDAwMDAwMDAwMDAsImRlbGV0ZSI6MTIwMDAwMDAwMDAwMCwidXBkYXRlIjo2MDAwMDAwMDAwMDB9LCJzY2hlbWFfdmVyc2lvbiI6IjEifQ==",
          "dependencies": [
            "aws_subnet.public_subnets",
            "data.aws_availability_zones.current"
          ]
        }
      ]
    }
  ],
  "check_results": null
}
