{
  "version": 4,
  "terraform_version": "1.3.9",
  "serial": 3,
  "lineage": "23804810-c217-bb77-0623-851a27f20c68",
  "outputs": {},
  "resources": [
    {
      "mode": "managed",
      "type": "aws_vpc",
      "name": "vpc",
      "provider": "provider[\"registry.terraform.io/hashicorp/aws\"]",
      "instances": [
        {
          "schema_version": 1,
          "attributes": {
            "arn": "arn:aws:ec2:us-west-1:005913962162:vpc/vpc-0bc7535b3cb398645",
            "assign_generated_ipv6_cidr_block": false,
            "cidr_block": "10.47.0.0/16",
            "default_network_acl_id": "acl-0c8624eae280c6914",
            "default_route_table_id": "rtb-0a52b1a34b50b7418",
            "default_security_group_id": "sg-0cd97c70d515999ec",
            "dhcp_options_id": "dopt-416f7126",
            "enable_classiclink": false,
            "enable_classiclink_dns_support": false,
            "enable_dns_hostnames": true,
            "enable_dns_support": true,
            "enable_network_address_usage_metrics": false,
            "id": "vpc-0bc7535b3cb398645",
            "instance_tenancy": "default",
            "ipv4_ipam_pool_id": null,
            "ipv4_netmask_length": null,
            "ipv6_association_id": "",
            "ipv6_cidr_block": "",
            "ipv6_cidr_block_network_border_group": "",
            "ipv6_ipam_pool_id": "",
            "ipv6_netmask_length": 0,
            "main_route_table_id": "rtb-0a52b1a34b50b7418",
            "owner_id": "005913962162",
            "tags": {
              "CostCenter": "1234567890",
              "Department": "bridge",
              "ManagedBy": "Terraform",
              "Name": "vpc-us-west-1-cxp-starfleet-public",
              "Organization": "starfleet",
              "Stage": "production",
              "TrainingSession": "2023-02-24",
              "solution": "cxp-starfleet"
            },
            "tags_all": {
              "CostCenter": "1234567890",
              "Department": "bridge",
              "ManagedBy": "Terraform",
              "Name": "vpc-us-west-1-cxp-starfleet-public",
              "Organization": "starfleet",
              "Stage": "production",
              "TrainingSession": "2023-02-24",
              "solution": "cxp-starfleet"
            }
          },
          "sensitive_attributes": [],
          "private": "eyJzY2hlbWFfdmVyc2lvbiI6IjEifQ=="
        }
      ]
    }
  ],
  "check_results": null
}
