{
  "version": 4,
  "terraform_version": "1.3.9",
  "serial": 70,
  "lineage": "01ebefd1-777a-2229-2175-a50a23e5fda7",
  "outputs": {
    "vpc_subnet_ids": {
      "value": [
        "subnet-00f520a851e485164",
        "subnet-099edca880309b00d"
      ],
      "type": [
        "tuple",
        [
          "string",
          "string"
        ]
      ]
    }
  },
  "resources": [
    {
      "mode": "data",
      "type": "aws_iam_policy_document",
      "name": "get_eks_role_role",
      "provider": "provider[\"registry.terraform.io/hashicorp/aws\"]",
      "instances": [
        {
          "schema_version": 0,
          "attributes": {
            "id": "189502314",
            "json": "{\n  \"Version\": \"2012-10-17\",\n  \"Statement\": [\n    {\n      \"Sid\": \"\",\n      \"Effect\": \"Allow\",\n      \"Action\": \"sts:AssumeRole\",\n      \"Principal\": {\n        \"Service\": \"eks.amazonaws.com\"\n      }\n    }\n  ]\n}",
            "override_json": null,
            "override_policy_documents": null,
            "policy_id": null,
            "source_json": null,
            "source_policy_documents": null,
            "statement": [
              {
                "actions": [
                  "sts:AssumeRole"
                ],
                "condition": [],
                "effect": "Allow",
                "not_actions": [],
                "not_principals": [],
                "not_resources": [],
                "principals": [
                  {
                    "identifiers": [
                      "eks.amazonaws.com"
                    ],
                    "type": "Service"
                  }
                ],
                "resources": [],
                "sid": ""
              }
            ],
            "version": "2012-10-17"
          },
          "sensitive_attributes": []
        }
      ]
    },
    {
      "mode": "managed",
      "type": "aws_eks_cluster",
      "name": "starfleet-eks-cluster",
      "provider": "provider[\"registry.terraform.io/hashicorp/aws\"]",
      "instances": [
        {
          "schema_version": 0,
          "attributes": {
            "arn": "arn:aws:eks:us-west-1:005913962162:cluster/starfleet-eks-cluster",
            "certificate_authority": [
              {
                "data": "LS0tLS1CRUdJTiBDRVJUSUZJQ0FURS0tLS0tCk1JSUMvakNDQWVhZ0F3SUJBZ0lCQURBTkJna3Foa2lHOXcwQkFRc0ZBREFWTVJNd0VRWURWUVFERXdwcmRXSmwKY201bGRHVnpNQjRYRFRJek1ETXlOREV3TURnME4xb1hEVE16TURNeU1URXdNRGcwTjFvd0ZURVRNQkVHQTFVRQpBeE1LYTNWaVpYSnVaWFJsY3pDQ0FTSXdEUVlKS29aSWh2Y05BUUVCQlFBRGdnRVBBRENDQVFvQ2dnRUJBTklFClNqdWx1Wlp2VlpPeEVwU2FyMnNnR2pxOU9OTHNvSlIyaEo3UG1yUzFqTjNtVW9SKzVPMTRBUzJUU3NBT2N1OXUKY0xvbmE5OE51TDUwRE5EeGI3ZjRMTmd2bERrWC9BTVdwSDNRbTcxN3J1NFllSnRFQU5VQ0k4UmNURXZrTWlCdgpVUmwrTHdmS1JJOHZGZ0FyelpSTEcrbGQyQUdBWlBSTFFZcExiRDRLSWRVYkxhUExwVGxDMlVPRHo3SFlyM05lCnNzOExNRkQrOGNSNGhxU3NJWStxN0VWM1dzNEtURXZQR2s2ZVlCd2ovbzRoaEtoaVJoQk1Wc0drRWJ4bW5HakYKRW9Na3Z1aDd1NHlrQVE5N1hwNkk3TEZ5R1dVU1VaMUROM1RPdGRKalNyM0ZxVEZUWFREdFlUZDhmem1mc0cxMgpTWDZsTGo1NHo1RHN2VDhlOFJNQ0F3RUFBYU5aTUZjd0RnWURWUjBQQVFIL0JBUURBZ0trTUE4R0ExVWRFd0VCCi93UUZNQU1CQWY4d0hRWURWUjBPQkJZRUZMQ1JUUHc2MXZReit5SWdUS09JRnNYY0E4ZVJNQlVHQTFVZEVRUU8KTUF5Q0NtdDFZbVZ5Ym1WMFpYTXdEUVlKS29aSWh2Y05BUUVMQlFBRGdnRUJBQVN6c21MWldPeGw0Q2RLdW5sNwp4OVg5MERZWHdnZXh3Snc5clFoY01QWi9QcTZyRCtMZzhNL0dqMDdwOVNlWlZ4V3hnNTVDOXFYMW9uNkR3emVGCkMyNCtLWUorVmwvdEVaNUVrbmlhdjNyaXpaS3VXNHJyQ0Jsb3Z3eFBKNzFveVAxSCt2bzVIeVloRXIrWHA2eEcKUHFHdnNjRlNOQm9lczVqVFR6NHZ1MTk2ZVNWcjUwYUZzM09oa3ZJVjVacy9zUVZLTEFMY0VQdEdxUUZBbENtNQpwN1lTVHhab2xzckR2a05Hd2U0Y1FTWFhIaWpINUd4N0tYTGZmcGZJQll4VlVCWWYrYlFhNEZhcTFKWWRHbzd6Cmc3bWQ4eExHaldvQkppeU1QN2UwQlFieTNoWkRlajlUcjFHRnVxSG9qUU5mR3hGMGwycER1eTExWG9Ma0JLSU4KSnJVPQotLS0tLUVORCBDRVJUSUZJQ0FURS0tLS0tCg=="
              }
            ],
            "cluster_id": null,
            "created_at": "2023-03-24 10:03:43.146 +0000 UTC",
            "enabled_cluster_log_types": [],
            "encryption_config": [],
            "endpoint": "https://83CE361B5EADF082CB38020FB21263F8.sk1.us-west-1.eks.amazonaws.com",
            "id": "starfleet-eks-cluster",
            "identity": [
              {
                "oidc": [
                  {
                    "issuer": "https://oidc.eks.us-west-1.amazonaws.com/id/83CE361B5EADF082CB38020FB21263F8"
                  }
                ]
              }
            ],
            "kubernetes_network_config": [
              {
                "ip_family": "ipv4",
                "service_ipv4_cidr": "172.20.0.0/16",
                "service_ipv6_cidr": ""
              }
            ],
            "name": "starfleet-eks-cluster",
            "outpost_config": [],
            "platform_version": "eks.1",
            "role_arn": "arn:aws:iam::005913962162:role/starfleet-cluster-role",
            "status": "ACTIVE",
            "tags": {},
            "tags_all": {},
            "timeouts": null,
            "version": "1.25",
            "vpc_config": [
              {
                "cluster_security_group_id": "sg-0bae46548fa8ca2f3",
                "endpoint_private_access": false,
                "endpoint_public_access": true,
                "public_access_cidrs": [
                  "0.0.0.0/0"
                ],
                "security_group_ids": [],
                "subnet_ids": [
                  "subnet-00f520a851e485164",
                  "subnet-099edca880309b00d"
                ],
                "vpc_id": "vpc-0b7ee98ccf3702eec"
              }
            ]
          },
          "sensitive_attributes": [],
          "private": "eyJlMmJmYjczMC1lY2FhLTExZTYtOGY4OC0zNDM2M2JjN2M0YzAiOnsiY3JlYXRlIjoxODAwMDAwMDAwMDAwLCJkZWxldGUiOjkwMDAwMDAwMDAwMCwidXBkYXRlIjozNjAwMDAwMDAwMDAwfX0=",
          "dependencies": [
            "aws_iam_role.starfleet-cluster-role",
            "aws_iam_role_policy_attachment.starfleet-cluster-policy",
            "data.aws_iam_policy_document.get_eks_role_role",
            "module.vpc_network.aws_subnet.public_subnets",
            "module.vpc_network.aws_vpc.vpc",
            "module.vpc_network.data.aws_availability_zones.current"
          ]
        }
      ]
    },
    {
      "mode": "managed",
      "type": "aws_eks_node_group",
      "name": "starfleet-node-group",
      "provider": "provider[\"registry.terraform.io/hashicorp/aws\"]",
      "instances": [
        {
          "schema_version": 0,
          "attributes": {
            "ami_type": "AL2_x86_64",
            "arn": "arn:aws:eks:us-west-1:005913962162:nodegroup/starfleet-eks-cluster/starfleet-node-group/48c38991-756b-1c75-48a0-ba518d3f105d",
            "capacity_type": "ON_DEMAND",
            "cluster_name": "starfleet-eks-cluster",
            "disk_size": 20,
            "force_update_version": null,
            "id": "starfleet-eks-cluster:starfleet-node-group",
            "instance_types": [
              "t3.medium"
            ],
            "labels": null,
            "launch_template": [],
            "node_group_name": "starfleet-node-group",
            "node_group_name_prefix": "",
            "node_role_arn": "arn:aws:iam::005913962162:role/starfleet-node-group-role",
            "release_version": "1.25.6-20230304",
            "remote_access": [],
            "resources": [
              {
                "autoscaling_groups": [
                  {
                    "name": "eks-starfleet-node-group-48c38991-756b-1c75-48a0-ba518d3f105d"
                  }
                ],
                "remote_access_security_group_id": ""
              }
            ],
            "scaling_config": [
              {
                "desired_size": 1,
                "max_size": 2,
                "min_size": 1
              }
            ],
            "status": "ACTIVE",
            "subnet_ids": [
              "subnet-00f520a851e485164",
              "subnet-099edca880309b00d"
            ],
            "tags": null,
            "tags_all": {},
            "taint": [],
            "timeouts": null,
            "update_config": [
              {
                "max_unavailable": 1,
                "max_unavailable_percentage": 0
              }
            ],
            "version": "1.25"
          },
          "sensitive_attributes": [],
          "private": "eyJlMmJmYjczMC1lY2FhLTExZTYtOGY4OC0zNDM2M2JjN2M0YzAiOnsiY3JlYXRlIjozNjAwMDAwMDAwMDAwLCJkZWxldGUiOjM2MDAwMDAwMDAwMDAsInVwZGF0ZSI6MzYwMDAwMDAwMDAwMH19",
          "dependencies": [
            "aws_eks_cluster.starfleet-eks-cluster",
            "aws_iam_role.starfleet-node-group-role",
            "aws_iam_role_policy_attachment.example-AmazonEC2ContainerRegistryReadOnly",
            "aws_iam_role_policy_attachment.example-AmazonEKSWorkerNodePolicy",
            "aws_iam_role_policy_attachment.example-AmazonEKS_CNI_Policy",
            "module.vpc_network.aws_subnet.public_subnets",
            "module.vpc_network.aws_vpc.vpc",
            "module.vpc_network.data.aws_availability_zones.current"
          ]
        }
      ]
    },
    {
      "mode": "managed",
      "type": "aws_iam_role",
      "name": "starfleet-cluster-role",
      "provider": "provider[\"registry.terraform.io/hashicorp/aws\"]",
      "instances": [
        {
          "schema_version": 0,
          "attributes": {
            "arn": "arn:aws:iam::005913962162:role/starfleet-cluster-role",
            "assume_role_policy": "{\"Statement\":[{\"Action\":\"sts:AssumeRole\",\"Effect\":\"Allow\",\"Principal\":{\"Service\":\"eks.amazonaws.com\"},\"Sid\":\"\"}],\"Version\":\"2012-10-17\"}",
            "create_date": "2023-03-24T10:03:26Z",
            "description": "",
            "force_detach_policies": false,
            "id": "starfleet-cluster-role",
            "inline_policy": [],
            "managed_policy_arns": [
              "arn:aws:iam::aws:policy/AmazonEKSClusterPolicy"
            ],
            "max_session_duration": 3600,
            "name": "starfleet-cluster-role",
            "name_prefix": "",
            "path": "/",
            "permissions_boundary": null,
            "tags": {},
            "tags_all": {},
            "unique_id": "AROAQCYD742ZKFWHICOSI"
          },
          "sensitive_attributes": [],
          "private": "bnVsbA==",
          "dependencies": [
            "data.aws_iam_policy_document.get_eks_role_role"
          ]
        }
      ]
    },
    {
      "mode": "managed",
      "type": "aws_iam_role",
      "name": "starfleet-node-group-role",
      "provider": "provider[\"registry.terraform.io/hashicorp/aws\"]",
      "instances": [
        {
          "schema_version": 0,
          "attributes": {
            "arn": "arn:aws:iam::005913962162:role/starfleet-node-group-role",
            "assume_role_policy": "{\"Statement\":[{\"Action\":\"sts:AssumeRole\",\"Effect\":\"Allow\",\"Principal\":{\"Service\":\"ec2.amazonaws.com\"}}],\"Version\":\"2012-10-17\"}",
            "create_date": "2023-03-24T10:03:26Z",
            "description": "",
            "force_detach_policies": false,
            "id": "starfleet-node-group-role",
            "inline_policy": [],
            "managed_policy_arns": [
              "arn:aws:iam::aws:policy/AmazonEC2ContainerRegistryReadOnly",
              "arn:aws:iam::aws:policy/AmazonEKSWorkerNodePolicy",
              "arn:aws:iam::aws:policy/AmazonEKS_CNI_Policy"
            ],
            "max_session_duration": 3600,
            "name": "starfleet-node-group-role",
            "name_prefix": "",
            "path": "/",
            "permissions_boundary": null,
            "tags": {},
            "tags_all": {},
            "unique_id": "AROAQCYD742ZKC6BEFQBA"
          },
          "sensitive_attributes": [],
          "private": "bnVsbA=="
        }
      ]
    },
    {
      "mode": "managed",
      "type": "aws_iam_role_policy_attachment",
      "name": "example-AmazonEC2ContainerRegistryReadOnly",
      "provider": "provider[\"registry.terraform.io/hashicorp/aws\"]",
      "instances": [
        {
          "schema_version": 0,
          "attributes": {
            "id": "starfleet-node-group-role-20230324100327193900000002",
            "policy_arn": "arn:aws:iam::aws:policy/AmazonEC2ContainerRegistryReadOnly",
            "role": "starfleet-node-group-role"
          },
          "sensitive_attributes": [],
          "private": "bnVsbA==",
          "dependencies": [
            "aws_iam_role.starfleet-node-group-role"
          ]
        }
      ]
    },
    {
      "mode": "managed",
      "type": "aws_iam_role_policy_attachment",
      "name": "example-AmazonEKSWorkerNodePolicy",
      "provider": "provider[\"registry.terraform.io/hashicorp/aws\"]",
      "instances": [
        {
          "schema_version": 0,
          "attributes": {
            "id": "starfleet-node-group-role-20230324100327548600000004",
            "policy_arn": "arn:aws:iam::aws:policy/AmazonEKSWorkerNodePolicy",
            "role": "starfleet-node-group-role"
          },
          "sensitive_attributes": [],
          "private": "bnVsbA==",
          "dependencies": [
            "aws_iam_role.starfleet-node-group-role"
          ]
        }
      ]
    },
    {
      "mode": "managed",
      "type": "aws_iam_role_policy_attachment",
      "name": "example-AmazonEKS_CNI_Policy",
      "provider": "provider[\"registry.terraform.io/hashicorp/aws\"]",
      "instances": [
        {
          "schema_version": 0,
          "attributes": {
            "id": "starfleet-node-group-role-20230324100327548600000003",
            "policy_arn": "arn:aws:iam::aws:policy/AmazonEKS_CNI_Policy",
            "role": "starfleet-node-group-role"
          },
          "sensitive_attributes": [],
          "private": "bnVsbA==",
          "dependencies": [
            "aws_iam_role.starfleet-node-group-role"
          ]
        }
      ]
    },
    {
      "mode": "managed",
      "type": "aws_iam_role_policy_attachment",
      "name": "starfleet-cluster-policy",
      "provider": "provider[\"registry.terraform.io/hashicorp/aws\"]",
      "instances": [
        {
          "schema_version": 0,
          "attributes": {
            "id": "starfleet-cluster-role-20230324100327179300000001",
            "policy_arn": "arn:aws:iam::aws:policy/AmazonEKSClusterPolicy",
            "role": "starfleet-cluster-role"
          },
          "sensitive_attributes": [],
          "private": "bnVsbA==",
          "dependencies": [
            "aws_iam_role.starfleet-cluster-role",
            "data.aws_iam_policy_document.get_eks_role_role"
          ]
        }
      ]
    },
    {
      "module": "module.vpc_network",
      "mode": "data",
      "type": "aws_availability_zones",
      "name": "current",
      "provider": "provider[\"registry.terraform.io/hashicorp/aws\"]",
      "instances": [
        {
          "schema_version": 0,
          "attributes": {
            "all_availability_zones": null,
            "exclude_names": null,
            "exclude_zone_ids": null,
            "filter": null,
            "group_names": [
              "us-west-1"
            ],
            "id": "us-west-1",
            "names": [
              "us-west-1a",
              "us-west-1b"
            ],
            "state": "available",
            "timeouts": null,
            "zone_ids": [
              "usw1-az3",
              "usw1-az1"
            ]
          },
          "sensitive_attributes": []
        }
      ]
    },
    {
      "module": "module.vpc_network",
      "mode": "managed",
      "type": "aws_internet_gateway",
      "name": "igw",
      "provider": "provider[\"registry.terraform.io/hashicorp/aws\"]",
      "instances": [
        {
          "schema_version": 0,
          "attributes": {
            "arn": "arn:aws:ec2:us-west-1:005913962162:internet-gateway/igw-00b51ed250aa12bdb",
            "id": "igw-00b51ed250aa12bdb",
            "owner_id": "005913962162",
            "tags": {
              "CostCenter": "1234567890",
              "Department": "BrAM",
              "ManagedBy": "Terraform",
              "Name": "igw-us-west-1-starfleet",
              "Organization": "msg",
              "Stage": "production",
              "TrainingSession": "2023-03-24",
              "solution": "cxp"
            },
            "tags_all": {
              "CostCenter": "1234567890",
              "Department": "BrAM",
              "ManagedBy": "Terraform",
              "Name": "igw-us-west-1-starfleet",
              "Organization": "msg",
              "Stage": "production",
              "TrainingSession": "2023-03-24",
              "solution": "cxp"
            },
            "timeouts": null,
            "vpc_id": "vpc-0b7ee98ccf3702eec"
          },
          "sensitive_attributes": [],
          "private": "eyJlMmJmYjczMC1lY2FhLTExZTYtOGY4OC0zNDM2M2JjN2M0YzAiOnsiY3JlYXRlIjoxMjAwMDAwMDAwMDAwLCJkZWxldGUiOjEyMDAwMDAwMDAwMDAsInVwZGF0ZSI6MTIwMDAwMDAwMDAwMH19",
          "dependencies": [
            "module.vpc_network.aws_vpc.vpc"
          ]
        }
      ]
    },
    {
      "module": "module.vpc_network",
      "mode": "managed",
      "type": "aws_main_route_table_association",
      "name": "main_route_table",
      "provider": "provider[\"registry.terraform.io/hashicorp/aws\"]",
      "instances": [
        {
          "schema_version": 0,
          "attributes": {
            "id": "rtbassoc-058e57426d433c93c",
            "original_route_table_id": "rtb-0651392f87c4cd559",
            "route_table_id": "rtb-04ac2bc26a15e8779",
            "vpc_id": "vpc-0b7ee98ccf3702eec"
          },
          "sensitive_attributes": [],
          "private": "bnVsbA==",
          "dependencies": [
            "module.vpc_network.aws_route_table.route_table",
            "module.vpc_network.aws_vpc.vpc"
          ]
        }
      ]
    },
    {
      "module": "module.vpc_network",
      "mode": "managed",
      "type": "aws_route",
      "name": "internet_gateway",
      "provider": "provider[\"registry.terraform.io/hashicorp/aws\"]",
      "instances": [
        {
          "schema_version": 0,
          "attributes": {
            "carrier_gateway_id": "",
            "core_network_arn": "",
            "destination_cidr_block": "0.0.0.0/0",
            "destination_ipv6_cidr_block": "",
            "destination_prefix_list_id": "",
            "egress_only_gateway_id": "",
            "gateway_id": "igw-00b51ed250aa12bdb",
            "id": "r-rtb-04ac2bc26a15e87791080289494",
            "instance_id": "",
            "instance_owner_id": "",
            "local_gateway_id": "",
            "nat_gateway_id": "",
            "network_interface_id": "",
            "origin": "CreateRoute",
            "route_table_id": "rtb-04ac2bc26a15e8779",
            "state": "active",
            "timeouts": null,
            "transit_gateway_id": "",
            "vpc_endpoint_id": "",
            "vpc_peering_connection_id": ""
          },
          "sensitive_attributes": [],
          "private": "eyJlMmJmYjczMC1lY2FhLTExZTYtOGY4OC0zNDM2M2JjN2M0YzAiOnsiY3JlYXRlIjozMDAwMDAwMDAwMDAsImRlbGV0ZSI6MzAwMDAwMDAwMDAwLCJ1cGRhdGUiOjEyMDAwMDAwMDAwMH19",
          "dependencies": [
            "module.vpc_network.aws_internet_gateway.igw",
            "module.vpc_network.aws_route_table.route_table",
            "module.vpc_network.aws_vpc.vpc"
          ]
        }
      ]
    },
    {
      "module": "module.vpc_network",
      "mode": "managed",
      "type": "aws_route_table",
      "name": "route_table",
      "provider": "provider[\"registry.terraform.io/hashicorp/aws\"]",
      "instances": [
        {
          "schema_version": 0,
          "attributes": {
            "arn": "arn:aws:ec2:us-west-1:005913962162:route-table/rtb-04ac2bc26a15e8779",
            "id": "rtb-04ac2bc26a15e8779",
            "owner_id": "005913962162",
            "propagating_vgws": [],
            "route": [
              {
                "carrier_gateway_id": "",
                "cidr_block": "0.0.0.0/0",
                "core_network_arn": "",
                "destination_prefix_list_id": "",
                "egress_only_gateway_id": "",
                "gateway_id": "igw-00b51ed250aa12bdb",
                "instance_id": "",
                "ipv6_cidr_block": "",
                "local_gateway_id": "",
                "nat_gateway_id": "",
                "network_interface_id": "",
                "transit_gateway_id": "",
                "vpc_endpoint_id": "",
                "vpc_peering_connection_id": ""
              }
            ],
            "tags": {
              "CostCenter": "1234567890",
              "Department": "BrAM",
              "ManagedBy": "Terraform",
              "Name": "Route Table",
              "Organization": "msg",
              "Stage": "production",
              "TrainingSession": "2023-03-24",
              "solution": "cxp"
            },
            "tags_all": {
              "CostCenter": "1234567890",
              "Department": "BrAM",
              "ManagedBy": "Terraform",
              "Name": "Route Table",
              "Organization": "msg",
              "Stage": "production",
              "TrainingSession": "2023-03-24",
              "solution": "cxp"
            },
            "timeouts": null,
            "vpc_id": "vpc-0b7ee98ccf3702eec"
          },
          "sensitive_attributes": [],
          "private": "eyJlMmJmYjczMC1lY2FhLTExZTYtOGY4OC0zNDM2M2JjN2M0YzAiOnsiY3JlYXRlIjozMDAwMDAwMDAwMDAsImRlbGV0ZSI6MzAwMDAwMDAwMDAwLCJ1cGRhdGUiOjEyMDAwMDAwMDAwMH19",
          "dependencies": [
            "module.vpc_network.aws_vpc.vpc"
          ]
        }
      ]
    },
    {
      "module": "module.vpc_network",
      "mode": "managed",
      "type": "aws_route_table_association",
      "name": "subnets",
      "provider": "provider[\"registry.terraform.io/hashicorp/aws\"]",
      "instances": [
        {
          "index_key": 0,
          "schema_version": 0,
          "attributes": {
            "gateway_id": "",
            "id": "rtbassoc-0383b0954c2d455d2",
            "route_table_id": "rtb-04ac2bc26a15e8779",
            "subnet_id": "subnet-00f520a851e485164"
          },
          "sensitive_attributes": [],
          "private": "bnVsbA==",
          "dependencies": [
            "module.vpc_network.aws_route_table.route_table",
            "module.vpc_network.aws_subnet.public_subnets",
            "module.vpc_network.aws_vpc.vpc",
            "module.vpc_network.data.aws_availability_zones.current"
          ]
        },
        {
          "index_key": 1,
          "schema_version": 0,
          "attributes": {
            "gateway_id": "",
            "id": "rtbassoc-062cc056fb4c7c00e",
            "route_table_id": "rtb-04ac2bc26a15e8779",
            "subnet_id": "subnet-099edca880309b00d"
          },
          "sensitive_attributes": [],
          "private": "bnVsbA==",
          "dependencies": [
            "module.vpc_network.aws_route_table.route_table",
            "module.vpc_network.aws_subnet.public_subnets",
            "module.vpc_network.aws_vpc.vpc",
            "module.vpc_network.data.aws_availability_zones.current"
          ]
        }
      ]
    },
    {
      "module": "module.vpc_network",
      "mode": "managed",
      "type": "aws_subnet",
      "name": "public_subnets",
      "provider": "provider[\"registry.terraform.io/hashicorp/aws\"]",
      "instances": [
        {
          "index_key": 0,
          "schema_version": 1,
          "attributes": {
            "arn": "arn:aws:ec2:us-west-1:005913962162:subnet/subnet-00f520a851e485164",
            "assign_ipv6_address_on_creation": false,
            "availability_zone": "us-west-1a",
            "availability_zone_id": "usw1-az3",
            "cidr_block": "10.47.0.0/24",
            "customer_owned_ipv4_pool": "",
            "enable_dns64": false,
            "enable_resource_name_dns_a_record_on_launch": false,
            "enable_resource_name_dns_aaaa_record_on_launch": false,
            "id": "subnet-00f520a851e485164",
            "ipv6_cidr_block": "",
            "ipv6_cidr_block_association_id": "",
            "ipv6_native": false,
            "map_customer_owned_ip_on_launch": false,
            "map_public_ip_on_launch": true,
            "outpost_arn": "",
            "owner_id": "005913962162",
            "private_dns_hostname_type_on_launch": "ip-name",
            "tags": {
              "CostCenter": "1234567890",
              "Department": "BrAM",
              "ManagedBy": "Terraform",
              "Name": "sn-us-west-1a-starfleet-public-public",
              "Organization": "msg",
              "Stage": "production",
              "TrainingSession": "2023-03-24",
              "solution": "cxp"
            },
            "tags_all": {
              "CostCenter": "1234567890",
              "Department": "BrAM",
              "ManagedBy": "Terraform",
              "Name": "sn-us-west-1a-starfleet-public-public",
              "Organization": "msg",
              "Stage": "production",
              "TrainingSession": "2023-03-24",
              "solution": "cxp"
            },
            "timeouts": null,
            "vpc_id": "vpc-0b7ee98ccf3702eec"
          },
          "sensitive_attributes": [],
          "private": "eyJlMmJmYjczMC1lY2FhLTExZTYtOGY4OC0zNDM2M2JjN2M0YzAiOnsiY3JlYXRlIjo2MDAwMDAwMDAwMDAsImRlbGV0ZSI6MTIwMDAwMDAwMDAwMH0sInNjaGVtYV92ZXJzaW9uIjoiMSJ9",
          "dependencies": [
            "module.vpc_network.aws_vpc.vpc",
            "module.vpc_network.data.aws_availability_zones.current"
          ]
        },
        {
          "index_key": 1,
          "schema_version": 1,
          "attributes": {
            "arn": "arn:aws:ec2:us-west-1:005913962162:subnet/subnet-099edca880309b00d",
            "assign_ipv6_address_on_creation": false,
            "availability_zone": "us-west-1b",
            "availability_zone_id": "usw1-az1",
            "cidr_block": "10.47.1.0/24",
            "customer_owned_ipv4_pool": "",
            "enable_dns64": false,
            "enable_resource_name_dns_a_record_on_launch": false,
            "enable_resource_name_dns_aaaa_record_on_launch": false,
            "id": "subnet-099edca880309b00d",
            "ipv6_cidr_block": "",
            "ipv6_cidr_block_association_id": "",
            "ipv6_native": false,
            "map_customer_owned_ip_on_launch": false,
            "map_public_ip_on_launch": true,
            "outpost_arn": "",
            "owner_id": "005913962162",
            "private_dns_hostname_type_on_launch": "ip-name",
            "tags": {
              "CostCenter": "1234567890",
              "Department": "BrAM",
              "ManagedBy": "Terraform",
              "Name": "sn-us-west-1b-starfleet-public-public",
              "Organization": "msg",
              "Stage": "production",
              "TrainingSession": "2023-03-24",
              "solution": "cxp"
            },
            "tags_all": {
              "CostCenter": "1234567890",
              "Department": "BrAM",
              "ManagedBy": "Terraform",
              "Name": "sn-us-west-1b-starfleet-public-public",
              "Organization": "msg",
              "Stage": "production",
              "TrainingSession": "2023-03-24",
              "solution": "cxp"
            },
            "timeouts": null,
            "vpc_id": "vpc-0b7ee98ccf3702eec"
          },
          "sensitive_attributes": [],
          "private": "eyJlMmJmYjczMC1lY2FhLTExZTYtOGY4OC0zNDM2M2JjN2M0YzAiOnsiY3JlYXRlIjo2MDAwMDAwMDAwMDAsImRlbGV0ZSI6MTIwMDAwMDAwMDAwMH0sInNjaGVtYV92ZXJzaW9uIjoiMSJ9",
          "dependencies": [
            "module.vpc_network.aws_vpc.vpc",
            "module.vpc_network.data.aws_availability_zones.current"
          ]
        }
      ]
    },
    {
      "module": "module.vpc_network",
      "mode": "managed",
      "type": "aws_vpc",
      "name": "vpc",
      "provider": "provider[\"registry.terraform.io/hashicorp/aws\"]",
      "instances": [
        {
          "schema_version": 1,
          "attributes": {
            "arn": "arn:aws:ec2:us-west-1:005913962162:vpc/vpc-0b7ee98ccf3702eec",
            "assign_generated_ipv6_cidr_block": false,
            "cidr_block": "10.47.0.0/16",
            "default_network_acl_id": "acl-0ae00d4a1594b0142",
            "default_route_table_id": "rtb-04ac2bc26a15e8779",
            "default_security_group_id": "sg-0ade2bf8b2e29baad",
            "dhcp_options_id": "dopt-416f7126",
            "enable_classiclink": false,
            "enable_classiclink_dns_support": false,
            "enable_dns_hostnames": true,
            "enable_dns_support": true,
            "enable_network_address_usage_metrics": false,
            "id": "vpc-0b7ee98ccf3702eec",
            "instance_tenancy": "default",
            "ipv4_ipam_pool_id": null,
            "ipv4_netmask_length": null,
            "ipv6_association_id": "",
            "ipv6_cidr_block": "",
            "ipv6_cidr_block_network_border_group": "",
            "ipv6_ipam_pool_id": "",
            "ipv6_netmask_length": 0,
            "main_route_table_id": "rtb-04ac2bc26a15e8779",
            "owner_id": "005913962162",
            "tags": {
              "CostCenter": "1234567890",
              "Department": "BrAM",
              "ManagedBy": "Terraform",
              "Name": "vpc-us-west-1-starfleet-public",
              "Organization": "msg",
              "Stage": "production",
              "TrainingSession": "2023-03-24",
              "solution": "cxp"
            },
            "tags_all": {
              "CostCenter": "1234567890",
              "Department": "BrAM",
              "ManagedBy": "Terraform",
              "Name": "vpc-us-west-1-starfleet-public",
              "Organization": "msg",
              "Stage": "production",
              "TrainingSession": "2023-03-24",
              "solution": "cxp"
            }
          },
          "sensitive_attributes": [],
          "private": "eyJzY2hlbWFfdmVyc2lvbiI6IjEifQ=="
        }
      ]
    }
  ],
  "check_results": null
}
